Microsoft Visual Studio Solution File, Format Version 8.00
Project("{F184B08F-C81C-45F6-A57F-5ABD9991F28F}") = "CRCStamp", "CRCStamp.vbproj", "{192279E1-4C2D-4112-B035-76FF7C23C944}"
	ProjectSection(ProjectDependencies) = postProject
	EndProjectSection
EndProject
Global
	GlobalSection(SolutionConfiguration) = preSolution
		Debug = Debug
		Release = Release
	EndGlobalSection
	GlobalSection(ProjectConfiguration) = postSolution
		{192279E1-4C2D-4112-B035-76FF7C23C944}.Debug.ActiveCfg = Debug|.NET
		{192279E1-4C2D-4112-B035-76FF7C23C944}.Debug.Build.0 = Debug|.NET
		{192279E1-4C2D-4112-B035-76FF7C23C944}.Release.ActiveCfg = Release|.NET
		{192279E1-4C2D-4112-B035-76FF7C23C944}.Release.Build.0 = Release|.NET
	EndGlobalSection
	GlobalSection(ExtensibilityGlobals) = postSolution
	EndGlobalSection
	GlobalSection(ExtensibilityAddIns) = postSolution
	EndGlobalSection
EndGlobal
