Microsoft Visual Studio Solution File, Format Version 8.00
Project("{F184B08F-C81C-45F6-A57F-5ABD9991F28F}") = "RTFStand", "RTFStand.vbproj", "{506294B1-626F-435B-8490-BA33A4FE9BCC}"
	ProjectSection(ProjectDependencies) = postProject
	EndProjectSection
EndProject
Global
	GlobalSection(SolutionConfiguration) = preSolution
		Debug = Debug
		Release = Release
	EndGlobalSection
	GlobalSection(ProjectConfiguration) = postSolution
		{506294B1-626F-435B-8490-BA33A4FE9BCC}.Debug.ActiveCfg = Debug|.NET
		{506294B1-626F-435B-8490-BA33A4FE9BCC}.Debug.Build.0 = Debug|.NET
		{506294B1-626F-435B-8490-BA33A4FE9BCC}.Release.ActiveCfg = Release|.NET
		{506294B1-626F-435B-8490-BA33A4FE9BCC}.Release.Build.0 = Release|.NET
	EndGlobalSection
	GlobalSection(ExtensibilityGlobals) = postSolution
	EndGlobalSection
	GlobalSection(ExtensibilityAddIns) = postSolution
	EndGlobalSection
EndGlobal
